
Microsoft Visual Studio Solution File, Format Version 12.00
# Visual Studio 15
VisualStudioVersion = 15.0.28307.1500
MinimumVisualStudioVersion = 10.0.40219.1
Project("{FAE04EC0-301F-11D3-BF4B-00C04F79EFBC}") = "DBConnect", "Lab_1\DBConnect.csproj", "{53962225-C1E6-4C5E-8C85-373FC4827241}"
EndProject
Project("{FAE04EC0-301F-11D3-BF4B-00C04F79EFBC}") = "DSConnect", "DSConnect\DSConnect.csproj", "{1CFE934B-FCAE-4573-AE81-682A9C10AFFA}"
EndProject
Global
	GlobalSection(SolutionConfigurationPlatforms) = preSolution
		Debug|Any CPU = Debug|Any CPU
		Release|Any CPU = Release|Any CPU
	EndGlobalSection
	GlobalSection(ProjectConfigurationPlatforms) = postSolution
		{53962225-C1E6-4C5E-8C85-373FC4827241}.Debug|Any CPU.ActiveCfg = Debug|Any CPU
		{53962225-C1E6-4C5E-8C85-373FC4827241}.Debug|Any CPU.Build.0 = Debug|Any CPU
		{53962225-C1E6-4C5E-8C85-373FC4827241}.Release|Any CPU.ActiveCfg = Release|Any CPU
		{53962225-C1E6-4C5E-8C85-373FC4827241}.Release|Any CPU.Build.0 = Release|Any CPU
		{1CFE934B-FCAE-4573-AE81-682A9C10AFFA}.Debug|Any CPU.ActiveCfg = Debug|Any CPU
		{1CFE934B-FCAE-4573-AE81-682A9C10AFFA}.Debug|Any CPU.Build.0 = Debug|Any CPU
		{1CFE934B-FCAE-4573-AE81-682A9C10AFFA}.Release|Any CPU.ActiveCfg = Release|Any CPU
		{1CFE934B-FCAE-4573-AE81-682A9C10AFFA}.Release|Any CPU.Build.0 = Release|Any CPU
	EndGlobalSection
	GlobalSection(SolutionProperties) = preSolution
		HideSolutionNode = FALSE
	EndGlobalSection
	GlobalSection(ExtensibilityGlobals) = postSolution
		SolutionGuid = {A91D1B14-B2C6-4E2C-97A8-23B4E4466AAF}
	EndGlobalSection
EndGlobal
