
Microsoft Visual Studio Solution File, Format Version 12.00
# Visual Studio 15
VisualStudioVersion = 15.0.28307.1585
MinimumVisualStudioVersion = 10.0.40219.1
Project("{FAE04EC0-301F-11D3-BF4B-00C04F79EFBC}") = "DBConnect", "Lab_1\DBConnect.csproj", "{53962225-C1E6-4C5E-8C85-373FC4827241}"
EndProject
Project("{FAE04EC0-301F-11D3-BF4B-00C04F79EFBC}") = "DSConnect", "DSConnect\DSConnect.csproj", "{1CFE934B-FCAE-4573-AE81-682A9C10AFFA}"
EndProject
Project("{FAE04EC0-301F-11D3-BF4B-00C04F79EFBC}") = "DBCommand", "DBCommand\DBCommand\DBCommand.csproj", "{59067B00-6E6A-4245-AA1F-3A5219CBF8F3}"
EndProject
Project("{FAE04EC0-301F-11D3-BF4B-00C04F79EFBC}") = "DatasetDesigner", "DatasetDesigner\DatasetDesigner.csproj", "{7AA55F37-1811-4711-BB81-64845595AB2C}"
EndProject
Project("{FAE04EC0-301F-11D3-BF4B-00C04F79EFBC}") = "CreatingDataTable", "1. CreatingDataTable\CreatingDataTable.csproj", "{55DCEBD6-1FA7-4C3D-9EFD-80844E97FA11}"
EndProject
Project("{FAE04EC0-301F-11D3-BF4B-00C04F79EFBC}") = "DataAdapterWizard", "DataAdapterWizard\DataAdapterWizard.csproj", "{73448E80-00E4-41C2-8C36-45E2DF3E4901}"
EndProject
Project("{FAE04EC0-301F-11D3-BF4B-00C04F79EFBC}") = "DataAdapterProgram", "DataAdapterProgram\DataAdapterProgram.csproj", "{A7A0C1F2-3FF8-4DEF-BE6A-1E563BB58DEF}"
EndProject
Project("{FAE04EC0-301F-11D3-BF4B-00C04F79EFBC}") = "WorkingDataTable", "WorkingDataTable\WorkingDataTable.csproj", "{E93DBD11-C63D-4EB7-916A-2E3B134A1DEE}"
EndProject
Project("{FAE04EC0-301F-11D3-BF4B-00C04F79EFBC}") = "DataViewExample", "DataViewExample\DataViewExample.csproj", "{C284E6E5-5A06-49A0-81CA-4C8C9B641BD8}"
EndProject
Project("{FAE04EC0-301F-11D3-BF4B-00C04F79EFBC}") = "DataSourcesWizard", "DataSourcesWizard\DataSourcesWizard.csproj", "{D97D1BBE-F93B-4302-9E57-C5BE9439F41A}"
EndProject
Project("{FAE04EC0-301F-11D3-BF4B-00C04F79EFBC}") = "DataBindingSimple", "DataBindingSimple\DataBindingSimple.csproj", "{EC9AB584-1A02-45E1-9B06-390F56914C01}"
EndProject
Project("{FAE04EC0-301F-11D3-BF4B-00C04F79EFBC}") = "DataBindingComplex", "DataBindingComplex\DataBindingComplex.csproj", "{45151E34-27D8-4221-BF8B-BDEB40CD7DA2}"
EndProject
Project("{FAE04EC0-301F-11D3-BF4B-00C04F79EFBC}") = "DataGridViewExample", "DataGridViewExample\DataGridViewExample.csproj", "{0B893BC9-5A54-44B2-A6C2-B36712CC4404}"
EndProject
Project("{FAE04EC0-301F-11D3-BF4B-00C04F79EFBC}") = "SavingDataSetXml", "SavingDataSetXml\SavingDataSetXml.csproj", "{3A2B7CAC-854C-438A-8F46-F4023464E26C}"
EndProject
Project("{FAE04EC0-301F-11D3-BF4B-00C04F79EFBC}") = "LoadDataSetXml", "LoadDataSetXml\LoadDataSetXml.csproj", "{0CFA65E9-4795-40BF-832A-6D8E417DBB45}"
EndProject
Project("{FAE04EC0-301F-11D3-BF4B-00C04F79EFBC}") = "CustomerManager", "CustomerManage\CustomerManager.csproj", "{B2524B93-5FFE-4413-B83E-CD3B6AF9A1E3}"
EndProject
Project("{FAE04EC0-301F-11D3-BF4B-00C04F79EFBC}") = "CodeFirst", "CodeFirst\CodeFirst.csproj", "{7A0E9795-E2E6-4DCB-A334-6ABB8630BA65}"
EndProject
Project("{FAE04EC0-301F-11D3-BF4B-00C04F79EFBC}") = "Linq_Student", "Linq_Student\Linq_Student.csproj", "{5F923AD0-50F6-4AF2-87F9-D6892A2B5437}"
EndProject
Global
	GlobalSection(SolutionConfigurationPlatforms) = preSolution
		Debug|Any CPU = Debug|Any CPU
		Release|Any CPU = Release|Any CPU
	EndGlobalSection
	GlobalSection(ProjectConfigurationPlatforms) = postSolution
		{53962225-C1E6-4C5E-8C85-373FC4827241}.Debug|Any CPU.ActiveCfg = Debug|Any CPU
		{53962225-C1E6-4C5E-8C85-373FC4827241}.Debug|Any CPU.Build.0 = Debug|Any CPU
		{53962225-C1E6-4C5E-8C85-373FC4827241}.Release|Any CPU.ActiveCfg = Release|Any CPU
		{53962225-C1E6-4C5E-8C85-373FC4827241}.Release|Any CPU.Build.0 = Release|Any CPU
		{1CFE934B-FCAE-4573-AE81-682A9C10AFFA}.Debug|Any CPU.ActiveCfg = Debug|Any CPU
		{1CFE934B-FCAE-4573-AE81-682A9C10AFFA}.Debug|Any CPU.Build.0 = Debug|Any CPU
		{1CFE934B-FCAE-4573-AE81-682A9C10AFFA}.Release|Any CPU.ActiveCfg = Release|Any CPU
		{1CFE934B-FCAE-4573-AE81-682A9C10AFFA}.Release|Any CPU.Build.0 = Release|Any CPU
		{59067B00-6E6A-4245-AA1F-3A5219CBF8F3}.Debug|Any CPU.ActiveCfg = Debug|Any CPU
		{59067B00-6E6A-4245-AA1F-3A5219CBF8F3}.Debug|Any CPU.Build.0 = Debug|Any CPU
		{59067B00-6E6A-4245-AA1F-3A5219CBF8F3}.Release|Any CPU.ActiveCfg = Release|Any CPU
		{59067B00-6E6A-4245-AA1F-3A5219CBF8F3}.Release|Any CPU.Build.0 = Release|Any CPU
		{7AA55F37-1811-4711-BB81-64845595AB2C}.Debug|Any CPU.ActiveCfg = Debug|Any CPU
		{7AA55F37-1811-4711-BB81-64845595AB2C}.Debug|Any CPU.Build.0 = Debug|Any CPU
		{7AA55F37-1811-4711-BB81-64845595AB2C}.Release|Any CPU.ActiveCfg = Release|Any CPU
		{7AA55F37-1811-4711-BB81-64845595AB2C}.Release|Any CPU.Build.0 = Release|Any CPU
		{55DCEBD6-1FA7-4C3D-9EFD-80844E97FA11}.Debug|Any CPU.ActiveCfg = Debug|Any CPU
		{55DCEBD6-1FA7-4C3D-9EFD-80844E97FA11}.Debug|Any CPU.Build.0 = Debug|Any CPU
		{55DCEBD6-1FA7-4C3D-9EFD-80844E97FA11}.Release|Any CPU.ActiveCfg = Release|Any CPU
		{55DCEBD6-1FA7-4C3D-9EFD-80844E97FA11}.Release|Any CPU.Build.0 = Release|Any CPU
		{73448E80-00E4-41C2-8C36-45E2DF3E4901}.Debug|Any CPU.ActiveCfg = Debug|Any CPU
		{73448E80-00E4-41C2-8C36-45E2DF3E4901}.Debug|Any CPU.Build.0 = Debug|Any CPU
		{73448E80-00E4-41C2-8C36-45E2DF3E4901}.Release|Any CPU.ActiveCfg = Release|Any CPU
		{73448E80-00E4-41C2-8C36-45E2DF3E4901}.Release|Any CPU.Build.0 = Release|Any CPU
		{A7A0C1F2-3FF8-4DEF-BE6A-1E563BB58DEF}.Debug|Any CPU.ActiveCfg = Debug|Any CPU
		{A7A0C1F2-3FF8-4DEF-BE6A-1E563BB58DEF}.Debug|Any CPU.Build.0 = Debug|Any CPU
		{A7A0C1F2-3FF8-4DEF-BE6A-1E563BB58DEF}.Release|Any CPU.ActiveCfg = Release|Any CPU
		{A7A0C1F2-3FF8-4DEF-BE6A-1E563BB58DEF}.Release|Any CPU.Build.0 = Release|Any CPU
		{E93DBD11-C63D-4EB7-916A-2E3B134A1DEE}.Debug|Any CPU.ActiveCfg = Debug|Any CPU
		{E93DBD11-C63D-4EB7-916A-2E3B134A1DEE}.Debug|Any CPU.Build.0 = Debug|Any CPU
		{E93DBD11-C63D-4EB7-916A-2E3B134A1DEE}.Release|Any CPU.ActiveCfg = Release|Any CPU
		{E93DBD11-C63D-4EB7-916A-2E3B134A1DEE}.Release|Any CPU.Build.0 = Release|Any CPU
		{C284E6E5-5A06-49A0-81CA-4C8C9B641BD8}.Debug|Any CPU.ActiveCfg = Debug|Any CPU
		{C284E6E5-5A06-49A0-81CA-4C8C9B641BD8}.Debug|Any CPU.Build.0 = Debug|Any CPU
		{C284E6E5-5A06-49A0-81CA-4C8C9B641BD8}.Release|Any CPU.ActiveCfg = Release|Any CPU
		{C284E6E5-5A06-49A0-81CA-4C8C9B641BD8}.Release|Any CPU.Build.0 = Release|Any CPU
		{D97D1BBE-F93B-4302-9E57-C5BE9439F41A}.Debug|Any CPU.ActiveCfg = Debug|Any CPU
		{D97D1BBE-F93B-4302-9E57-C5BE9439F41A}.Debug|Any CPU.Build.0 = Debug|Any CPU
		{D97D1BBE-F93B-4302-9E57-C5BE9439F41A}.Release|Any CPU.ActiveCfg = Release|Any CPU
		{D97D1BBE-F93B-4302-9E57-C5BE9439F41A}.Release|Any CPU.Build.0 = Release|Any CPU
		{EC9AB584-1A02-45E1-9B06-390F56914C01}.Debug|Any CPU.ActiveCfg = Debug|Any CPU
		{EC9AB584-1A02-45E1-9B06-390F56914C01}.Debug|Any CPU.Build.0 = Debug|Any CPU
		{EC9AB584-1A02-45E1-9B06-390F56914C01}.Release|Any CPU.ActiveCfg = Release|Any CPU
		{EC9AB584-1A02-45E1-9B06-390F56914C01}.Release|Any CPU.Build.0 = Release|Any CPU
		{45151E34-27D8-4221-BF8B-BDEB40CD7DA2}.Debug|Any CPU.ActiveCfg = Debug|Any CPU
		{45151E34-27D8-4221-BF8B-BDEB40CD7DA2}.Debug|Any CPU.Build.0 = Debug|Any CPU
		{45151E34-27D8-4221-BF8B-BDEB40CD7DA2}.Release|Any CPU.ActiveCfg = Release|Any CPU
		{45151E34-27D8-4221-BF8B-BDEB40CD7DA2}.Release|Any CPU.Build.0 = Release|Any CPU
		{0B893BC9-5A54-44B2-A6C2-B36712CC4404}.Debug|Any CPU.ActiveCfg = Debug|Any CPU
		{0B893BC9-5A54-44B2-A6C2-B36712CC4404}.Debug|Any CPU.Build.0 = Debug|Any CPU
		{0B893BC9-5A54-44B2-A6C2-B36712CC4404}.Release|Any CPU.ActiveCfg = Release|Any CPU
		{0B893BC9-5A54-44B2-A6C2-B36712CC4404}.Release|Any CPU.Build.0 = Release|Any CPU
		{3A2B7CAC-854C-438A-8F46-F4023464E26C}.Debug|Any CPU.ActiveCfg = Debug|Any CPU
		{3A2B7CAC-854C-438A-8F46-F4023464E26C}.Debug|Any CPU.Build.0 = Debug|Any CPU
		{3A2B7CAC-854C-438A-8F46-F4023464E26C}.Release|Any CPU.ActiveCfg = Release|Any CPU
		{3A2B7CAC-854C-438A-8F46-F4023464E26C}.Release|Any CPU.Build.0 = Release|Any CPU
		{0CFA65E9-4795-40BF-832A-6D8E417DBB45}.Debug|Any CPU.ActiveCfg = Debug|Any CPU
		{0CFA65E9-4795-40BF-832A-6D8E417DBB45}.Debug|Any CPU.Build.0 = Debug|Any CPU
		{0CFA65E9-4795-40BF-832A-6D8E417DBB45}.Release|Any CPU.ActiveCfg = Release|Any CPU
		{0CFA65E9-4795-40BF-832A-6D8E417DBB45}.Release|Any CPU.Build.0 = Release|Any CPU
		{B2524B93-5FFE-4413-B83E-CD3B6AF9A1E3}.Debug|Any CPU.ActiveCfg = Debug|Any CPU
		{B2524B93-5FFE-4413-B83E-CD3B6AF9A1E3}.Debug|Any CPU.Build.0 = Debug|Any CPU
		{B2524B93-5FFE-4413-B83E-CD3B6AF9A1E3}.Release|Any CPU.ActiveCfg = Release|Any CPU
		{B2524B93-5FFE-4413-B83E-CD3B6AF9A1E3}.Release|Any CPU.Build.0 = Release|Any CPU
		{7A0E9795-E2E6-4DCB-A334-6ABB8630BA65}.Debug|Any CPU.ActiveCfg = Debug|Any CPU
		{7A0E9795-E2E6-4DCB-A334-6ABB8630BA65}.Debug|Any CPU.Build.0 = Debug|Any CPU
		{7A0E9795-E2E6-4DCB-A334-6ABB8630BA65}.Release|Any CPU.ActiveCfg = Release|Any CPU
		{7A0E9795-E2E6-4DCB-A334-6ABB8630BA65}.Release|Any CPU.Build.0 = Release|Any CPU
		{5F923AD0-50F6-4AF2-87F9-D6892A2B5437}.Debug|Any CPU.ActiveCfg = Debug|Any CPU
		{5F923AD0-50F6-4AF2-87F9-D6892A2B5437}.Debug|Any CPU.Build.0 = Debug|Any CPU
		{5F923AD0-50F6-4AF2-87F9-D6892A2B5437}.Release|Any CPU.ActiveCfg = Release|Any CPU
		{5F923AD0-50F6-4AF2-87F9-D6892A2B5437}.Release|Any CPU.Build.0 = Release|Any CPU
	EndGlobalSection
	GlobalSection(SolutionProperties) = preSolution
		HideSolutionNode = FALSE
	EndGlobalSection
	GlobalSection(ExtensibilityGlobals) = postSolution
		SolutionGuid = {A91D1B14-B2C6-4E2C-97A8-23B4E4466AAF}
	EndGlobalSection
EndGlobal
